
Microsoft Visual Studio Solution File, Format Version 12.00
# Visual Studio Version 17
VisualStudioVersion = 17.8.34309.116
MinimumVisualStudioVersion = 10.0.40219.1
Project("{FAE04EC0-301F-11D3-BF4B-00C04F79EFBC}") = "food_webapp_projectt", "food_webapp_projectt.csproj", "{E9B6A4DE-49F6-47D4-81A8-9BCFFF7D54B4}"
EndProject
Global
	GlobalSection(SolutionConfigurationPlatforms) = preSolution
		Debug|Any CPU = Debug|Any CPU
		Release|Any CPU = Release|Any CPU
	EndGlobalSection
	GlobalSection(ProjectConfigurationPlatforms) = postSolution
		{E9B6A4DE-49F6-47D4-81A8-9BCFFF7D54B4}.Debug|Any CPU.ActiveCfg = Debug|Any CPU
		{E9B6A4DE-49F6-47D4-81A8-9BCFFF7D54B4}.Debug|Any CPU.Build.0 = Debug|Any CPU
		{E9B6A4DE-49F6-47D4-81A8-9BCFFF7D54B4}.Release|Any CPU.ActiveCfg = Release|Any CPU
		{E9B6A4DE-49F6-47D4-81A8-9BCFFF7D54B4}.Release|Any CPU.Build.0 = Release|Any CPU
	EndGlobalSection
	GlobalSection(SolutionProperties) = preSolution
		HideSolutionNode = FALSE
	EndGlobalSection
	GlobalSection(ExtensibilityGlobals) = postSolution
		SolutionGuid = {BCEC24DE-4440-49DE-9406-A2F2B4F45502}
	EndGlobalSection
EndGlobal
