
Microsoft Visual Studio Solution File, Format Version 12.00
# Visual Studio Version 17
VisualStudioVersion = 17.8.34309.116
MinimumVisualStudioVersion = 10.0.40219.1
Project("{FAE04EC0-301F-11D3-BF4B-00C04F79EFBC}") = "food_ordering_webapp", "food_ordering_webapp.csproj", "{61639A7F-4ADE-4B05-9152-0FB9D102EA3D}"
EndProject
Global
	GlobalSection(SolutionConfigurationPlatforms) = preSolution
		Debug|Any CPU = Debug|Any CPU
		Release|Any CPU = Release|Any CPU
	EndGlobalSection
	GlobalSection(ProjectConfigurationPlatforms) = postSolution
		{61639A7F-4ADE-4B05-9152-0FB9D102EA3D}.Debug|Any CPU.ActiveCfg = Debug|Any CPU
		{61639A7F-4ADE-4B05-9152-0FB9D102EA3D}.Debug|Any CPU.Build.0 = Debug|Any CPU
		{61639A7F-4ADE-4B05-9152-0FB9D102EA3D}.Release|Any CPU.ActiveCfg = Release|Any CPU
		{61639A7F-4ADE-4B05-9152-0FB9D102EA3D}.Release|Any CPU.Build.0 = Release|Any CPU
	EndGlobalSection
	GlobalSection(SolutionProperties) = preSolution
		HideSolutionNode = FALSE
	EndGlobalSection
	GlobalSection(ExtensibilityGlobals) = postSolution
		SolutionGuid = {F3CCA871-1B96-456D-8CC8-796553F485DB}
	EndGlobalSection
EndGlobal
